
Microsoft Visual Studio Solution File, Format Version 12.00
# Visual Studio Version 17
VisualStudioVersion = 17.4.33213.308
MinimumVisualStudioVersion = 10.0.40219.1
Project("{2150E333-8FDC-42A3-9474-1A3956D46DE8}") = "Domain", "Domain", "{4A78D049-59BC-4B04-BA14-C76FA8AB86A5}"
EndProject
Project("{2150E333-8FDC-42A3-9474-1A3956D46DE8}") = "Data", "Data", "{18CCBE12-C7E4-46CA-8C34-FA6993AECAD1}"
EndProject
Project("{2150E333-8FDC-42A3-9474-1A3956D46DE8}") = "Application", "Application", "{5C4CBF02-B974-497D-88CF-9C0D2EDCF85C}"
EndProject
Project("{2150E333-8FDC-42A3-9474-1A3956D46DE8}") = "IOC", "IOC", "{0A35AE18-0C77-4D8F-B00B-61FF6EB9C97E}"
EndProject
Project("{2150E333-8FDC-42A3-9474-1A3956D46DE8}") = "Presentations", "Presentations", "{D95830E9-987F-45E1-B7B4-AEAC78C1125B}"
EndProject
Project("{FAE04EC0-301F-11D3-BF4B-00C04F79EFBC}") = "Application", "Application\Application.csproj", "{75BA2F2D-EE1E-4B67-8BF0-661BEC2B1A47}"
EndProject
Project("{FAE04EC0-301F-11D3-BF4B-00C04F79EFBC}") = "Data", "Data\Data.csproj", "{3C33D0E4-EEAB-4016-B415-A9AE85C23AEB}"
EndProject
Project("{FAE04EC0-301F-11D3-BF4B-00C04F79EFBC}") = "Domain", "Domain\Domain.csproj", "{0E0DB232-9F7C-4780-9B98-99FADC2F1B8A}"
EndProject
Project("{FAE04EC0-301F-11D3-BF4B-00C04F79EFBC}") = "IOC", "IOC\IOC.csproj", "{E46E3DE8-7809-4E74-A135-475A5385D2B2}"
EndProject
Project("{FAE04EC0-301F-11D3-BF4B-00C04F79EFBC}") = "SocialApp.Api", "SocialApp\SocialApp.Api.csproj", "{F3F10287-63E9-46EA-A69F-28B8C897117E}"
EndProject
Project("{2150E333-8FDC-42A3-9474-1A3956D46DE8}") = "Services", "Services", "{24DE726E-B10D-45A5-A839-01CB85AB501C}"
EndProject
Project("{2150E333-8FDC-42A3-9474-1A3956D46DE8}") = "Extensions", "Extensions", "{D6954B27-3487-4184-B8A2-AB7B6D9C6057}"
EndProject
Project("{2150E333-8FDC-42A3-9474-1A3956D46DE8}") = "Senders", "Senders", "{0E2EC8B8-BE38-46A3-BCB2-386198BE2A05}"
EndProject
Project("{2150E333-8FDC-42A3-9474-1A3956D46DE8}") = "Implementation", "Implementation", "{449AEC94-A80B-4331-93EF-1639593FD603}"
EndProject
Project("{2150E333-8FDC-42A3-9474-1A3956D46DE8}") = "Interfaces", "Interfaces", "{C8371E64-8645-45F4-81D0-6C1AD503ED70}"
EndProject
Project("{2150E333-8FDC-42A3-9474-1A3956D46DE8}") = "Dependencies", "Dependencies", "{715E8E37-EF45-4061-A5EB-CD3105791D91}"
EndProject
Project("{2150E333-8FDC-42A3-9474-1A3956D46DE8}") = "Security", "Security", "{F2026944-67F2-4198-8C5F-934CB7FEB2A4}"
EndProject
Project("{2150E333-8FDC-42A3-9474-1A3956D46DE8}") = "Generators", "Generators", "{980BF814-E8E6-4491-903A-8F9AB2757FF1}"
EndProject
Project("{2150E333-8FDC-42A3-9474-1A3956D46DE8}") = "Convertors", "Convertors", "{85C7DD15-083D-4435-9675-F3A6079B06E6}"
EndProject
Global
	GlobalSection(SolutionConfigurationPlatforms) = preSolution
		Debug|Any CPU = Debug|Any CPU
		Release|Any CPU = Release|Any CPU
	EndGlobalSection
	GlobalSection(ProjectConfigurationPlatforms) = postSolution
		{75BA2F2D-EE1E-4B67-8BF0-661BEC2B1A47}.Debug|Any CPU.ActiveCfg = Debug|Any CPU
		{75BA2F2D-EE1E-4B67-8BF0-661BEC2B1A47}.Debug|Any CPU.Build.0 = Debug|Any CPU
		{75BA2F2D-EE1E-4B67-8BF0-661BEC2B1A47}.Release|Any CPU.ActiveCfg = Release|Any CPU
		{75BA2F2D-EE1E-4B67-8BF0-661BEC2B1A47}.Release|Any CPU.Build.0 = Release|Any CPU
		{3C33D0E4-EEAB-4016-B415-A9AE85C23AEB}.Debug|Any CPU.ActiveCfg = Debug|Any CPU
		{3C33D0E4-EEAB-4016-B415-A9AE85C23AEB}.Debug|Any CPU.Build.0 = Debug|Any CPU
		{3C33D0E4-EEAB-4016-B415-A9AE85C23AEB}.Release|Any CPU.ActiveCfg = Release|Any CPU
		{3C33D0E4-EEAB-4016-B415-A9AE85C23AEB}.Release|Any CPU.Build.0 = Release|Any CPU
		{0E0DB232-9F7C-4780-9B98-99FADC2F1B8A}.Debug|Any CPU.ActiveCfg = Debug|Any CPU
		{0E0DB232-9F7C-4780-9B98-99FADC2F1B8A}.Debug|Any CPU.Build.0 = Debug|Any CPU
		{0E0DB232-9F7C-4780-9B98-99FADC2F1B8A}.Release|Any CPU.ActiveCfg = Release|Any CPU
		{0E0DB232-9F7C-4780-9B98-99FADC2F1B8A}.Release|Any CPU.Build.0 = Release|Any CPU
		{E46E3DE8-7809-4E74-A135-475A5385D2B2}.Debug|Any CPU.ActiveCfg = Debug|Any CPU
		{E46E3DE8-7809-4E74-A135-475A5385D2B2}.Debug|Any CPU.Build.0 = Debug|Any CPU
		{E46E3DE8-7809-4E74-A135-475A5385D2B2}.Release|Any CPU.ActiveCfg = Release|Any CPU
		{E46E3DE8-7809-4E74-A135-475A5385D2B2}.Release|Any CPU.Build.0 = Release|Any CPU
		{F3F10287-63E9-46EA-A69F-28B8C897117E}.Debug|Any CPU.ActiveCfg = Debug|Any CPU
		{F3F10287-63E9-46EA-A69F-28B8C897117E}.Debug|Any CPU.Build.0 = Debug|Any CPU
		{F3F10287-63E9-46EA-A69F-28B8C897117E}.Release|Any CPU.ActiveCfg = Release|Any CPU
		{F3F10287-63E9-46EA-A69F-28B8C897117E}.Release|Any CPU.Build.0 = Release|Any CPU
	EndGlobalSection
	GlobalSection(SolutionProperties) = preSolution
		HideSolutionNode = FALSE
	EndGlobalSection
	GlobalSection(NestedProjects) = preSolution
		{75BA2F2D-EE1E-4B67-8BF0-661BEC2B1A47} = {5C4CBF02-B974-497D-88CF-9C0D2EDCF85C}
		{3C33D0E4-EEAB-4016-B415-A9AE85C23AEB} = {18CCBE12-C7E4-46CA-8C34-FA6993AECAD1}
		{0E0DB232-9F7C-4780-9B98-99FADC2F1B8A} = {4A78D049-59BC-4B04-BA14-C76FA8AB86A5}
		{E46E3DE8-7809-4E74-A135-475A5385D2B2} = {0A35AE18-0C77-4D8F-B00B-61FF6EB9C97E}
		{F3F10287-63E9-46EA-A69F-28B8C897117E} = {D95830E9-987F-45E1-B7B4-AEAC78C1125B}
		{24DE726E-B10D-45A5-A839-01CB85AB501C} = {5C4CBF02-B974-497D-88CF-9C0D2EDCF85C}
		{D6954B27-3487-4184-B8A2-AB7B6D9C6057} = {5C4CBF02-B974-497D-88CF-9C0D2EDCF85C}
		{0E2EC8B8-BE38-46A3-BCB2-386198BE2A05} = {5C4CBF02-B974-497D-88CF-9C0D2EDCF85C}
		{449AEC94-A80B-4331-93EF-1639593FD603} = {24DE726E-B10D-45A5-A839-01CB85AB501C}
		{C8371E64-8645-45F4-81D0-6C1AD503ED70} = {24DE726E-B10D-45A5-A839-01CB85AB501C}
		{715E8E37-EF45-4061-A5EB-CD3105791D91} = {0A35AE18-0C77-4D8F-B00B-61FF6EB9C97E}
		{F2026944-67F2-4198-8C5F-934CB7FEB2A4} = {5C4CBF02-B974-497D-88CF-9C0D2EDCF85C}
		{980BF814-E8E6-4491-903A-8F9AB2757FF1} = {5C4CBF02-B974-497D-88CF-9C0D2EDCF85C}
		{85C7DD15-083D-4435-9675-F3A6079B06E6} = {5C4CBF02-B974-497D-88CF-9C0D2EDCF85C}
	EndGlobalSection
	GlobalSection(ExtensibilityGlobals) = postSolution
		SolutionGuid = {401A35AA-5EFD-4D42-9608-2EAC9A7B2D44}
	EndGlobalSection
EndGlobal
